// !$*UTF8*$!
{
	archiveVersion = 1;
	classes = {
	};
	objectVersion = 50;
	objects = {

/* Begin PBXBuildFile section */
		394A045A8EFB765E03C242B9 /* Pods_Viajabessa.framework in Frameworks */ = {isa = PBXBuildFile; fileRef = D00245114F5F02EBA75F6D86 /* Pods_Viajabessa.framework */; };
		3D2E44DE20A8FDF70090B046 /* ListTravelPackagesInteractor.swift in Sources */ = {isa = PBXBuildFile; fileRef = 3D2E44D820A8FDF70090B046 /* ListTravelPackagesInteractor.swift */; };
		3D2E44DF20A8FDF70090B046 /* ListTravelPackagesPresenter.swift in Sources */ = {isa = PBXBuildFile; fileRef = 3D2E44D920A8FDF70090B046 /* ListTravelPackagesPresenter.swift */; };
		3D2E44E020A8FDF70090B046 /* ListTravelPackagesModels.swift in Sources */ = {isa = PBXBuildFile; fileRef = 3D2E44DA20A8FDF70090B046 /* ListTravelPackagesModels.swift */; };
		3D2E44E120A8FDF70090B046 /* ListTravelPackagesRouter.swift in Sources */ = {isa = PBXBuildFile; fileRef = 3D2E44DB20A8FDF70090B046 /* ListTravelPackagesRouter.swift */; };
		3D2E44E420A8FE120090B046 /* ListTravelPackages.storyboard in Resources */ = {isa = PBXBuildFile; fileRef = 3D2E44E320A8FE120090B046 /* ListTravelPackages.storyboard */; };
		3D2E44E620A8FE680090B046 /* ListTravelPackagesViewController.swift in Sources */ = {isa = PBXBuildFile; fileRef = 3D2E44E520A8FE680090B046 /* ListTravelPackagesViewController.swift */; };
		3D2E44EB20A900F80090B046 /* PackageTableViewCell.swift in Sources */ = {isa = PBXBuildFile; fileRef = 3D2E44EA20A900F80090B046 /* PackageTableViewCell.swift */; };
		3D2E44ED20A940010090B046 /* HTTPRequestsWorker.swift in Sources */ = {isa = PBXBuildFile; fileRef = 3D2E44EC20A940010090B046 /* HTTPRequestsWorker.swift */; };
		3D9C10AF20A7F38400A3B7A7 /* AppDelegate.swift in Sources */ = {isa = PBXBuildFile; fileRef = 3D9C10AE20A7F38400A3B7A7 /* AppDelegate.swift */; };
		3D9C10B920A7F38700A3B7A7 /* Assets.xcassets in Resources */ = {isa = PBXBuildFile; fileRef = 3D9C10B820A7F38700A3B7A7 /* Assets.xcassets */; };
		3D9C10BC20A7F38700A3B7A7 /* LaunchScreen.storyboard in Resources */ = {isa = PBXBuildFile; fileRef = 3D9C10BA20A7F38700A3B7A7 /* LaunchScreen.storyboard */; };
		3DDF39B420A94B69002A3607 /* Transaction.swift in Sources */ = {isa = PBXBuildFile; fileRef = 3DDF39B320A94B69002A3607 /* Transaction.swift */; };
		3DDF39B620A94B91002A3607 /* TravelPackage.swift in Sources */ = {isa = PBXBuildFile; fileRef = 3DDF39B520A94B91002A3607 /* TravelPackage.swift */; };
		3DDF39B820A94CEA002A3607 /* Card.swift in Sources */ = {isa = PBXBuildFile; fileRef = 3DDF39B720A94CEA002A3607 /* Card.swift */; };
		3DDF39BA20A94DFA002A3607 /* PhoneInfo.swift in Sources */ = {isa = PBXBuildFile; fileRef = 3DDF39B920A94DFA002A3607 /* PhoneInfo.swift */; };
		3DDF39BC20A9518F002A3607 /* DateFormatter+Codable.swift in Sources */ = {isa = PBXBuildFile; fileRef = 3DDF39BB20A9518F002A3607 /* DateFormatter+Codable.swift */; };
		3DDF39BE20A954B9002A3607 /* UIDevice+Helpers.swift in Sources */ = {isa = PBXBuildFile; fileRef = 3DDF39BD20A954B9002A3607 /* UIDevice+Helpers.swift */; };
		3DDF39C020A95B2C002A3607 /* ViajabessaAPIWorker.swift in Sources */ = {isa = PBXBuildFile; fileRef = 3DDF39BF20A95B2C002A3607 /* ViajabessaAPIWorker.swift */; };
		3DDF39C220A975CF002A3607 /* CustomActIndicator.swift in Sources */ = {isa = PBXBuildFile; fileRef = 3DDF39C120A975CF002A3607 /* CustomActIndicator.swift */; };
		3DDF39C420A97B58002A3607 /* Double+Helpers.swift in Sources */ = {isa = PBXBuildFile; fileRef = 3DDF39C320A97B57002A3607 /* Double+Helpers.swift */; };
		3DDF39CD20AA7244002A3607 /* BuyTravelPackageViewController.swift in Sources */ = {isa = PBXBuildFile; fileRef = 3DDF39C720AA7243002A3607 /* BuyTravelPackageViewController.swift */; };
		3DDF39CE20AA7244002A3607 /* BuyTravelPackageInteractor.swift in Sources */ = {isa = PBXBuildFile; fileRef = 3DDF39C820AA7243002A3607 /* BuyTravelPackageInteractor.swift */; };
		3DDF39CF20AA7244002A3607 /* BuyTravelPackageWorker.swift in Sources */ = {isa = PBXBuildFile; fileRef = 3DDF39C920AA7243002A3607 /* BuyTravelPackageWorker.swift */; };
		3DDF39D020AA7244002A3607 /* BuyTravelPackageModels.swift in Sources */ = {isa = PBXBuildFile; fileRef = 3DDF39CA20AA7243002A3607 /* BuyTravelPackageModels.swift */; };
		3DDF39D120AA7244002A3607 /* BuyTravelPackagePresenter.swift in Sources */ = {isa = PBXBuildFile; fileRef = 3DDF39CB20AA7244002A3607 /* BuyTravelPackagePresenter.swift */; };
		3DDF39D220AA7244002A3607 /* BuyTravelPackageRouter.swift in Sources */ = {isa = PBXBuildFile; fileRef = 3DDF39CC20AA7244002A3607 /* BuyTravelPackageRouter.swift */; };
		3DDF39D520AA7270002A3607 /* BuyTravelPackage.storyboard in Resources */ = {isa = PBXBuildFile; fileRef = 3DDF39D420AA7270002A3607 /* BuyTravelPackage.storyboard */; };
		3DF9464C20ABAF7000D44D1C /* AddCardViewController.swift in Sources */ = {isa = PBXBuildFile; fileRef = 3DF9464620ABAF6F00D44D1C /* AddCardViewController.swift */; };
		3DF9464D20ABAF7000D44D1C /* AddCardWorker.swift in Sources */ = {isa = PBXBuildFile; fileRef = 3DF9464720ABAF6F00D44D1C /* AddCardWorker.swift */; };
		3DF9464E20ABAF7000D44D1C /* AddCardRouter.swift in Sources */ = {isa = PBXBuildFile; fileRef = 3DF9464820ABAF6F00D44D1C /* AddCardRouter.swift */; };
		3DF9464F20ABAF7000D44D1C /* AddCardModels.swift in Sources */ = {isa = PBXBuildFile; fileRef = 3DF9464920ABAF6F00D44D1C /* AddCardModels.swift */; };
		3DF9465020ABAF7000D44D1C /* AddCardInteractor.swift in Sources */ = {isa = PBXBuildFile; fileRef = 3DF9464A20ABAF6F00D44D1C /* AddCardInteractor.swift */; };
		3DF9465120ABAF7000D44D1C /* AddCardPresenter.swift in Sources */ = {isa = PBXBuildFile; fileRef = 3DF9464B20ABAF7000D44D1C /* AddCardPresenter.swift */; };
		3DF9465420ABAF9500D44D1C /* AddCard.storyboard in Resources */ = {isa = PBXBuildFile; fileRef = 3DF9465320ABAF9500D44D1C /* AddCard.storyboard */; };
		3DF9465B20ABB46000D44D1C /* ListTransactionsPresenter.swift in Sources */ = {isa = PBXBuildFile; fileRef = 3DF9465520ABB46000D44D1C /* ListTransactionsPresenter.swift */; };
		3DF9465C20ABB46000D44D1C /* ListTransactionsWorker.swift in Sources */ = {isa = PBXBuildFile; fileRef = 3DF9465620ABB46000D44D1C /* ListTransactionsWorker.swift */; };
		3DF9465D20ABB46000D44D1C /* ListTransactionsRouter.swift in Sources */ = {isa = PBXBuildFile; fileRef = 3DF9465720ABB46000D44D1C /* ListTransactionsRouter.swift */; };
		3DF9465E20ABB46000D44D1C /* ListTransactionsModels.swift in Sources */ = {isa = PBXBuildFile; fileRef = 3DF9465820ABB46000D44D1C /* ListTransactionsModels.swift */; };
		3DF9465F20ABB46000D44D1C /* ListTransactionsViewController.swift in Sources */ = {isa = PBXBuildFile; fileRef = 3DF9465920ABB46000D44D1C /* ListTransactionsViewController.swift */; };
		3DF9466020ABB46000D44D1C /* ListTransactionsInteractor.swift in Sources */ = {isa = PBXBuildFile; fileRef = 3DF9465A20ABB46000D44D1C /* ListTransactionsInteractor.swift */; };
/* End PBXBuildFile section */

/* Begin PBXFileReference section */
		124251379459AF00E642E252 /* Pods-Viajabessa.release.xcconfig */ = {isa = PBXFileReference; includeInIndex = 1; lastKnownFileType = text.xcconfig; name = "Pods-Viajabessa.release.xcconfig"; path = "Pods/Target Support Files/Pods-Viajabessa/Pods-Viajabessa.release.xcconfig"; sourceTree = "<group>"; };
		3D2E44D820A8FDF70090B046 /* ListTravelPackagesInteractor.swift */ = {isa = PBXFileReference; lastKnownFileType = sourcecode.swift; path = ListTravelPackagesInteractor.swift; sourceTree = "<group>"; };
		3D2E44D920A8FDF70090B046 /* ListTravelPackagesPresenter.swift */ = {isa = PBXFileReference; lastKnownFileType = sourcecode.swift; path = ListTravelPackagesPresenter.swift; sourceTree = "<group>"; };
		3D2E44DA20A8FDF70090B046 /* ListTravelPackagesModels.swift */ = {isa = PBXFileReference; lastKnownFileType = sourcecode.swift; path = ListTravelPackagesModels.swift; sourceTree = "<group>"; };
		3D2E44DB20A8FDF70090B046 /* ListTravelPackagesRouter.swift */ = {isa = PBXFileReference; lastKnownFileType = sourcecode.swift; path = ListTravelPackagesRouter.swift; sourceTree = "<group>"; };
		3D2E44E320A8FE120090B046 /* ListTravelPackages.storyboard */ = {isa = PBXFileReference; lastKnownFileType = file.storyboard; path = ListTravelPackages.storyboard; sourceTree = "<group>"; };
		3D2E44E520A8FE680090B046 /* ListTravelPackagesViewController.swift */ = {isa = PBXFileReference; lastKnownFileType = sourcecode.swift; path = ListTravelPackagesViewController.swift; sourceTree = "<group>"; };
		3D2E44EA20A900F80090B046 /* PackageTableViewCell.swift */ = {isa = PBXFileReference; lastKnownFileType = sourcecode.swift; path = PackageTableViewCell.swift; sourceTree = "<group>"; };
		3D2E44EC20A940010090B046 /* HTTPRequestsWorker.swift */ = {isa = PBXFileReference; lastKnownFileType = sourcecode.swift; path = HTTPRequestsWorker.swift; sourceTree = "<group>"; };
		3D9C10AB20A7F38400A3B7A7 /* Viajabessa.app */ = {isa = PBXFileReference; explicitFileType = wrapper.application; includeInIndex = 0; path = Viajabessa.app; sourceTree = BUILT_PRODUCTS_DIR; };
		3D9C10AE20A7F38400A3B7A7 /* AppDelegate.swift */ = {isa = PBXFileReference; lastKnownFileType = sourcecode.swift; path = AppDelegate.swift; sourceTree = "<group>"; };
		3D9C10B820A7F38700A3B7A7 /* Assets.xcassets */ = {isa = PBXFileReference; lastKnownFileType = folder.assetcatalog; path = Assets.xcassets; sourceTree = "<group>"; };
		3D9C10BB20A7F38700A3B7A7 /* Base */ = {isa = PBXFileReference; lastKnownFileType = file.storyboard; name = Base; path = Base.lproj/LaunchScreen.storyboard; sourceTree = "<group>"; };
		3D9C10BD20A7F38700A3B7A7 /* Info.plist */ = {isa = PBXFileReference; lastKnownFileType = text.plist.xml; path = Info.plist; sourceTree = "<group>"; };
		3DDF39B320A94B69002A3607 /* Transaction.swift */ = {isa = PBXFileReference; lastKnownFileType = sourcecode.swift; path = Transaction.swift; sourceTree = "<group>"; };
		3DDF39B520A94B91002A3607 /* TravelPackage.swift */ = {isa = PBXFileReference; lastKnownFileType = sourcecode.swift; path = TravelPackage.swift; sourceTree = "<group>"; };
		3DDF39B720A94CEA002A3607 /* Card.swift */ = {isa = PBXFileReference; lastKnownFileType = sourcecode.swift; path = Card.swift; sourceTree = "<group>"; };
		3DDF39B920A94DFA002A3607 /* PhoneInfo.swift */ = {isa = PBXFileReference; lastKnownFileType = sourcecode.swift; path = PhoneInfo.swift; sourceTree = "<group>"; };
		3DDF39BB20A9518F002A3607 /* DateFormatter+Codable.swift */ = {isa = PBXFileReference; lastKnownFileType = sourcecode.swift; path = "DateFormatter+Codable.swift"; sourceTree = "<group>"; };
		3DDF39BD20A954B9002A3607 /* UIDevice+Helpers.swift */ = {isa = PBXFileReference; lastKnownFileType = sourcecode.swift; path = "UIDevice+Helpers.swift"; sourceTree = "<group>"; };
		3DDF39BF20A95B2C002A3607 /* ViajabessaAPIWorker.swift */ = {isa = PBXFileReference; lastKnownFileType = sourcecode.swift; path = ViajabessaAPIWorker.swift; sourceTree = "<group>"; };
		3DDF39C120A975CF002A3607 /* CustomActIndicator.swift */ = {isa = PBXFileReference; fileEncoding = 4; lastKnownFileType = sourcecode.swift; path = CustomActIndicator.swift; sourceTree = "<group>"; };
		3DDF39C320A97B57002A3607 /* Double+Helpers.swift */ = {isa = PBXFileReference; fileEncoding = 4; lastKnownFileType = sourcecode.swift; path = "Double+Helpers.swift"; sourceTree = "<group>"; };
		3DDF39C720AA7243002A3607 /* BuyTravelPackageViewController.swift */ = {isa = PBXFileReference; lastKnownFileType = sourcecode.swift; path = BuyTravelPackageViewController.swift; sourceTree = "<group>"; };
		3DDF39C820AA7243002A3607 /* BuyTravelPackageInteractor.swift */ = {isa = PBXFileReference; lastKnownFileType = sourcecode.swift; path = BuyTravelPackageInteractor.swift; sourceTree = "<group>"; };
		3DDF39C920AA7243002A3607 /* BuyTravelPackageWorker.swift */ = {isa = PBXFileReference; lastKnownFileType = sourcecode.swift; path = BuyTravelPackageWorker.swift; sourceTree = "<group>"; };
		3DDF39CA20AA7243002A3607 /* BuyTravelPackageModels.swift */ = {isa = PBXFileReference; lastKnownFileType = sourcecode.swift; path = BuyTravelPackageModels.swift; sourceTree = "<group>"; };
		3DDF39CB20AA7244002A3607 /* BuyTravelPackagePresenter.swift */ = {isa = PBXFileReference; lastKnownFileType = sourcecode.swift; path = BuyTravelPackagePresenter.swift; sourceTree = "<group>"; };
		3DDF39CC20AA7244002A3607 /* BuyTravelPackageRouter.swift */ = {isa = PBXFileReference; lastKnownFileType = sourcecode.swift; path = BuyTravelPackageRouter.swift; sourceTree = "<group>"; };
		3DDF39D420AA7270002A3607 /* BuyTravelPackage.storyboard */ = {isa = PBXFileReference; lastKnownFileType = file.storyboard; path = BuyTravelPackage.storyboard; sourceTree = "<group>"; };
		3DF9464620ABAF6F00D44D1C /* AddCardViewController.swift */ = {isa = PBXFileReference; lastKnownFileType = sourcecode.swift; path = AddCardViewController.swift; sourceTree = "<group>"; };
		3DF9464720ABAF6F00D44D1C /* AddCardWorker.swift */ = {isa = PBXFileReference; lastKnownFileType = sourcecode.swift; path = AddCardWorker.swift; sourceTree = "<group>"; };
		3DF9464820ABAF6F00D44D1C /* AddCardRouter.swift */ = {isa = PBXFileReference; lastKnownFileType = sourcecode.swift; path = AddCardRouter.swift; sourceTree = "<group>"; };
		3DF9464920ABAF6F00D44D1C /* AddCardModels.swift */ = {isa = PBXFileReference; lastKnownFileType = sourcecode.swift; path = AddCardModels.swift; sourceTree = "<group>"; };
		3DF9464A20ABAF6F00D44D1C /* AddCardInteractor.swift */ = {isa = PBXFileReference; lastKnownFileType = sourcecode.swift; path = AddCardInteractor.swift; sourceTree = "<group>"; };
		3DF9464B20ABAF7000D44D1C /* AddCardPresenter.swift */ = {isa = PBXFileReference; lastKnownFileType = sourcecode.swift; path = AddCardPresenter.swift; sourceTree = "<group>"; };
		3DF9465320ABAF9500D44D1C /* AddCard.storyboard */ = {isa = PBXFileReference; lastKnownFileType = file.storyboard; path = AddCard.storyboard; sourceTree = "<group>"; };
		3DF9465520ABB46000D44D1C /* ListTransactionsPresenter.swift */ = {isa = PBXFileReference; lastKnownFileType = sourcecode.swift; path = ListTransactionsPresenter.swift; sourceTree = "<group>"; };
		3DF9465620ABB46000D44D1C /* ListTransactionsWorker.swift */ = {isa = PBXFileReference; lastKnownFileType = sourcecode.swift; path = ListTransactionsWorker.swift; sourceTree = "<group>"; };
		3DF9465720ABB46000D44D1C /* ListTransactionsRouter.swift */ = {isa = PBXFileReference; lastKnownFileType = sourcecode.swift; path = ListTransactionsRouter.swift; sourceTree = "<group>"; };
		3DF9465820ABB46000D44D1C /* ListTransactionsModels.swift */ = {isa = PBXFileReference; lastKnownFileType = sourcecode.swift; path = ListTransactionsModels.swift; sourceTree = "<group>"; };
		3DF9465920ABB46000D44D1C /* ListTransactionsViewController.swift */ = {isa = PBXFileReference; lastKnownFileType = sourcecode.swift; path = ListTransactionsViewController.swift; sourceTree = "<group>"; };
		3DF9465A20ABB46000D44D1C /* ListTransactionsInteractor.swift */ = {isa = PBXFileReference; lastKnownFileType = sourcecode.swift; path = ListTransactionsInteractor.swift; sourceTree = "<group>"; };
		85A63C8E31906E4CA65FCD86 /* Pods-Viajabessa.debug.xcconfig */ = {isa = PBXFileReference; includeInIndex = 1; lastKnownFileType = text.xcconfig; name = "Pods-Viajabessa.debug.xcconfig"; path = "Pods/Target Support Files/Pods-Viajabessa/Pods-Viajabessa.debug.xcconfig"; sourceTree = "<group>"; };
		D00245114F5F02EBA75F6D86 /* Pods_Viajabessa.framework */ = {isa = PBXFileReference; explicitFileType = wrapper.framework; includeInIndex = 0; path = Pods_Viajabessa.framework; sourceTree = BUILT_PRODUCTS_DIR; };
/* End PBXFileReference section */

/* Begin PBXFrameworksBuildPhase section */
		3D9C10A820A7F38400A3B7A7 /* Frameworks */ = {
			isa = PBXFrameworksBuildPhase;
			buildActionMask = 2147483647;
			files = (
				394A045A8EFB765E03C242B9 /* Pods_Viajabessa.framework in Frameworks */,
			);
			runOnlyForDeploymentPostprocessing = 0;
		};
/* End PBXFrameworksBuildPhase section */

/* Begin PBXGroup section */
		3D2E44E220A8FE020090B046 /* ListTravelPackages */ = {
			isa = PBXGroup;
			children = (
				3D2E44E320A8FE120090B046 /* ListTravelPackages.storyboard */,
				3D2E44EA20A900F80090B046 /* PackageTableViewCell.swift */,
				3D2E44D820A8FDF70090B046 /* ListTravelPackagesInteractor.swift */,
				3D2E44DA20A8FDF70090B046 /* ListTravelPackagesModels.swift */,
				3D2E44D920A8FDF70090B046 /* ListTravelPackagesPresenter.swift */,
				3D2E44DB20A8FDF70090B046 /* ListTravelPackagesRouter.swift */,
				3D2E44E520A8FE680090B046 /* ListTravelPackagesViewController.swift */,
			);
			path = ListTravelPackages;
			sourceTree = "<group>";
		};
		3D2E44E720A8FEC80090B046 /* Supporting Files */ = {
			isa = PBXGroup;
			children = (
				3D9C10BD20A7F38700A3B7A7 /* Info.plist */,
				3D9C10AE20A7F38400A3B7A7 /* AppDelegate.swift */,
				3DDF39BB20A9518F002A3607 /* DateFormatter+Codable.swift */,
				3DDF39C320A97B57002A3607 /* Double+Helpers.swift */,
				3DDF39BD20A954B9002A3607 /* UIDevice+Helpers.swift */,
			);
			path = "Supporting Files";
			sourceTree = "<group>";
		};
		3D2E44E820A8FED90090B046 /* Interface Helpers */ = {
			isa = PBXGroup;
			children = (
				3D9C10B820A7F38700A3B7A7 /* Assets.xcassets */,
				3D9C10BA20A7F38700A3B7A7 /* LaunchScreen.storyboard */,
				3DDF39C120A975CF002A3607 /* CustomActIndicator.swift */,
			);
			path = "Interface Helpers";
			sourceTree = "<group>";
		};
		3D2E44E920A8FEE90090B046 /* Models */ = {
			isa = PBXGroup;
			children = (
				3DDF39B720A94CEA002A3607 /* Card.swift */,
				3DDF39B920A94DFA002A3607 /* PhoneInfo.swift */,
				3DDF39B320A94B69002A3607 /* Transaction.swift */,
				3DDF39B520A94B91002A3607 /* TravelPackage.swift */,
			);
			path = Models;
			sourceTree = "<group>";
		};
		3D2E44EE20A940050090B046 /* Workers */ = {
			isa = PBXGroup;
			children = (
				3D2E44EC20A940010090B046 /* HTTPRequestsWorker.swift */,
				3DDF39BF20A95B2C002A3607 /* ViajabessaAPIWorker.swift */,
			);
			path = Workers;
			sourceTree = "<group>";
		};
		3D9C10A220A7F38400A3B7A7 = {
			isa = PBXGroup;
			children = (
				3D9C10AD20A7F38400A3B7A7 /* Viajabessa */,
				3D9C10AC20A7F38400A3B7A7 /* Products */,
				F933C411A933A993FB616E11 /* Pods */,
				C3AE4C10E10AB08C0F2F3736 /* Frameworks */,
			);
			sourceTree = "<group>";
		};
		3D9C10AC20A7F38400A3B7A7 /* Products */ = {
			isa = PBXGroup;
			children = (
				3D9C10AB20A7F38400A3B7A7 /* Viajabessa.app */,
			);
			name = Products;
			sourceTree = "<group>";
		};
		3D9C10AD20A7F38400A3B7A7 /* Viajabessa */ = {
			isa = PBXGroup;
			children = (
				3DF9466120ABB46900D44D1C /* ListTransactions */,
				3DF9465220ABAF7A00D44D1C /* AddCard */,
				3DDF39D320AA724D002A3607 /* BuyTravelPackage */,
				3D2E44E220A8FE020090B046 /* ListTravelPackages */,
				3D2E44E820A8FED90090B046 /* Interface Helpers */,
				3D2E44E920A8FEE90090B046 /* Models */,
				3D2E44E720A8FEC80090B046 /* Supporting Files */,
				3D2E44EE20A940050090B046 /* Workers */,
			);
			path = Viajabessa;
			sourceTree = "<group>";
		};
		3DDF39D320AA724D002A3607 /* BuyTravelPackage */ = {
			isa = PBXGroup;
			children = (
				3DDF39D420AA7270002A3607 /* BuyTravelPackage.storyboard */,
				3DDF39C820AA7243002A3607 /* BuyTravelPackageInteractor.swift */,
				3DDF39CA20AA7243002A3607 /* BuyTravelPackageModels.swift */,
				3DDF39CB20AA7244002A3607 /* BuyTravelPackagePresenter.swift */,
				3DDF39CC20AA7244002A3607 /* BuyTravelPackageRouter.swift */,
				3DDF39C720AA7243002A3607 /* BuyTravelPackageViewController.swift */,
				3DDF39C920AA7243002A3607 /* BuyTravelPackageWorker.swift */,
			);
			path = BuyTravelPackage;
			sourceTree = "<group>";
		};
		3DF9465220ABAF7A00D44D1C /* AddCard */ = {
			isa = PBXGroup;
			children = (
				3DF9465320ABAF9500D44D1C /* AddCard.storyboard */,
				3DF9464A20ABAF6F00D44D1C /* AddCardInteractor.swift */,
				3DF9464920ABAF6F00D44D1C /* AddCardModels.swift */,
				3DF9464B20ABAF7000D44D1C /* AddCardPresenter.swift */,
				3DF9464820ABAF6F00D44D1C /* AddCardRouter.swift */,
				3DF9464620ABAF6F00D44D1C /* AddCardViewController.swift */,
				3DF9464720ABAF6F00D44D1C /* AddCardWorker.swift */,
			);
			path = AddCard;
			sourceTree = "<group>";
		};
		3DF9466120ABB46900D44D1C /* ListTransactions */ = {
			isa = PBXGroup;
			children = (
				3DF9465520ABB46000D44D1C /* ListTransactionsPresenter.swift */,
				3DF9465620ABB46000D44D1C /* ListTransactionsWorker.swift */,
				3DF9465720ABB46000D44D1C /* ListTransactionsRouter.swift */,
				3DF9465820ABB46000D44D1C /* ListTransactionsModels.swift */,
				3DF9465920ABB46000D44D1C /* ListTransactionsViewController.swift */,
				3DF9465A20ABB46000D44D1C /* ListTransactionsInteractor.swift */,
			);
			path = ListTransactions;
			sourceTree = "<group>";
		};
		C3AE4C10E10AB08C0F2F3736 /* Frameworks */ = {
			isa = PBXGroup;
			children = (
				D00245114F5F02EBA75F6D86 /* Pods_Viajabessa.framework */,
			);
			name = Frameworks;
			sourceTree = "<group>";
		};
		F933C411A933A993FB616E11 /* Pods */ = {
			isa = PBXGroup;
			children = (
				85A63C8E31906E4CA65FCD86 /* Pods-Viajabessa.debug.xcconfig */,
				124251379459AF00E642E252 /* Pods-Viajabessa.release.xcconfig */,
			);
			name = Pods;
			sourceTree = "<group>";
		};
/* End PBXGroup section */

/* Begin PBXNativeTarget section */
		3D9C10AA20A7F38400A3B7A7 /* Viajabessa */ = {
			isa = PBXNativeTarget;
			buildConfigurationList = 3D9C10C020A7F38700A3B7A7 /* Build configuration list for PBXNativeTarget "Viajabessa" */;
			buildPhases = (
				CB40062FA8F74C02DFD2EFCD /* [CP] Check Pods Manifest.lock */,
				3D9C10A720A7F38400A3B7A7 /* Sources */,
				3D9C10A820A7F38400A3B7A7 /* Frameworks */,
				3D9C10A920A7F38400A3B7A7 /* Resources */,
				897385FECDC217C1D4BC9155 /* [CP] Embed Pods Frameworks */,
				F28F1C642A85B1C61385FDF1 /* [CP] Copy Pods Resources */,
			);
			buildRules = (
			);
			dependencies = (
			);
			name = Viajabessa;
			productName = Viajabessa;
			productReference = 3D9C10AB20A7F38400A3B7A7 /* Viajabessa.app */;
			productType = "com.apple.product-type.application";
		};
/* End PBXNativeTarget section */

/* Begin PBXProject section */
		3D9C10A320A7F38400A3B7A7 /* Project object */ = {
			isa = PBXProject;
			attributes = {
				LastSwiftUpdateCheck = 0930;
				LastUpgradeCheck = 0930;
				ORGANIZATIONNAME = "Lucas Ferraço";
				TargetAttributes = {
					3D9C10AA20A7F38400A3B7A7 = {
						CreatedOnToolsVersion = 9.3;
					};
				};
			};
			buildConfigurationList = 3D9C10A620A7F38400A3B7A7 /* Build configuration list for PBXProject "Viajabessa" */;
			compatibilityVersion = "Xcode 9.3";
			developmentRegion = en;
			hasScannedForEncodings = 0;
			knownRegions = (
				en,
				Base,
			);
			mainGroup = 3D9C10A220A7F38400A3B7A7;
			productRefGroup = 3D9C10AC20A7F38400A3B7A7 /* Products */;
			projectDirPath = "";
			projectRoot = "";
			targets = (
				3D9C10AA20A7F38400A3B7A7 /* Viajabessa */,
			);
		};
/* End PBXProject section */

/* Begin PBXResourcesBuildPhase section */
		3D9C10A920A7F38400A3B7A7 /* Resources */ = {
			isa = PBXResourcesBuildPhase;
			buildActionMask = 2147483647;
			files = (
				3DDF39D520AA7270002A3607 /* BuyTravelPackage.storyboard in Resources */,
				3DF9465420ABAF9500D44D1C /* AddCard.storyboard in Resources */,
				3D9C10BC20A7F38700A3B7A7 /* LaunchScreen.storyboard in Resources */,
				3D2E44E420A8FE120090B046 /* ListTravelPackages.storyboard in Resources */,
				3D9C10B920A7F38700A3B7A7 /* Assets.xcassets in Resources */,
			);
			runOnlyForDeploymentPostprocessing = 0;
		};
/* End PBXResourcesBuildPhase section */

/* Begin PBXShellScriptBuildPhase section */
		897385FECDC217C1D4BC9155 /* [CP] Embed Pods Frameworks */ = {
			isa = PBXShellScriptBuildPhase;
			buildActionMask = 2147483647;
			files = (
			);
			inputPaths = (
				"${SRCROOT}/Pods/Target Support Files/Pods-Viajabessa/Pods-Viajabessa-frameworks.sh",
				"${BUILT_PRODUCTS_DIR}/Caishen/Caishen.framework",
				"${BUILT_PRODUCTS_DIR}/PromiseKit/PromiseKit.framework",
				"${BUILT_PRODUCTS_DIR}/ReachabilitySwift/Reachability.framework",
			);
			name = "[CP] Embed Pods Frameworks";
			outputPaths = (
				"${TARGET_BUILD_DIR}/${FRAMEWORKS_FOLDER_PATH}/Caishen.framework",
				"${TARGET_BUILD_DIR}/${FRAMEWORKS_FOLDER_PATH}/PromiseKit.framework",
				"${TARGET_BUILD_DIR}/${FRAMEWORKS_FOLDER_PATH}/Reachability.framework",
			);
			runOnlyForDeploymentPostprocessing = 0;
			shellPath = /bin/sh;
			shellScript = "\"${SRCROOT}/Pods/Target Support Files/Pods-Viajabessa/Pods-Viajabessa-frameworks.sh\"\n";
			showEnvVarsInLog = 0;
		};
		CB40062FA8F74C02DFD2EFCD /* [CP] Check Pods Manifest.lock */ = {
			isa = PBXShellScriptBuildPhase;
			buildActionMask = 2147483647;
			files = (
			);
			inputPaths = (
				"${PODS_PODFILE_DIR_PATH}/Podfile.lock",
				"${PODS_ROOT}/Manifest.lock",
			);
			name = "[CP] Check Pods Manifest.lock";
			outputPaths = (
				"$(DERIVED_FILE_DIR)/Pods-Viajabessa-checkManifestLockResult.txt",
			);
			runOnlyForDeploymentPostprocessing = 0;
			shellPath = /bin/sh;
			shellScript = "diff \"${PODS_PODFILE_DIR_PATH}/Podfile.lock\" \"${PODS_ROOT}/Manifest.lock\" > /dev/null\nif [ $? != 0 ] ; then\n    # print error to STDERR\n    echo \"error: The sandbox is not in sync with the Podfile.lock. Run 'pod install' or update your CocoaPods installation.\" >&2\n    exit 1\nfi\n# This output is used by Xcode 'outputs' to avoid re-running this script phase.\necho \"SUCCESS\" > \"${SCRIPT_OUTPUT_FILE_0}\"\n";
			showEnvVarsInLog = 0;
		};
		F28F1C642A85B1C61385FDF1 /* [CP] Copy Pods Resources */ = {
			isa = PBXShellScriptBuildPhase;
			buildActionMask = 2147483647;
			files = (
			);
			inputPaths = (
			);
			name = "[CP] Copy Pods Resources";
			outputPaths = (
			);
			runOnlyForDeploymentPostprocessing = 0;
			shellPath = /bin/sh;
			shellScript = "\"${SRCROOT}/Pods/Target Support Files/Pods-Viajabessa/Pods-Viajabessa-resources.sh\"\n";
			showEnvVarsInLog = 0;
		};
/* End PBXShellScriptBuildPhase section */

/* Begin PBXSourcesBuildPhase section */
		3D9C10A720A7F38400A3B7A7 /* Sources */ = {
			isa = PBXSourcesBuildPhase;
			buildActionMask = 2147483647;
			files = (
				3DDF39BE20A954B9002A3607 /* UIDevice+Helpers.swift in Sources */,
				3DDF39C020A95B2C002A3607 /* ViajabessaAPIWorker.swift in Sources */,
				3DDF39D220AA7244002A3607 /* BuyTravelPackageRouter.swift in Sources */,
				3DDF39CE20AA7244002A3607 /* BuyTravelPackageInteractor.swift in Sources */,
				3DF9464E20ABAF7000D44D1C /* AddCardRouter.swift in Sources */,
				3DF9465120ABAF7000D44D1C /* AddCardPresenter.swift in Sources */,
				3DF9465E20ABB46000D44D1C /* ListTransactionsModels.swift in Sources */,
				3D2E44E620A8FE680090B046 /* ListTravelPackagesViewController.swift in Sources */,
				3DDF39C220A975CF002A3607 /* CustomActIndicator.swift in Sources */,
				3DDF39CD20AA7244002A3607 /* BuyTravelPackageViewController.swift in Sources */,
				3D2E44EB20A900F80090B046 /* PackageTableViewCell.swift in Sources */,
				3DF9464C20ABAF7000D44D1C /* AddCardViewController.swift in Sources */,
				3DDF39CF20AA7244002A3607 /* BuyTravelPackageWorker.swift in Sources */,
				3DF9466020ABB46000D44D1C /* ListTransactionsInteractor.swift in Sources */,
				3D9C10AF20A7F38400A3B7A7 /* AppDelegate.swift in Sources */,
				3DF9465D20ABB46000D44D1C /* ListTransactionsRouter.swift in Sources */,
				3DF9465B20ABB46000D44D1C /* ListTransactionsPresenter.swift in Sources */,
				3DF9465020ABAF7000D44D1C /* AddCardInteractor.swift in Sources */,
				3DF9464F20ABAF7000D44D1C /* AddCardModels.swift in Sources */,
				3DDF39B420A94B69002A3607 /* Transaction.swift in Sources */,
				3DDF39D120AA7244002A3607 /* BuyTravelPackagePresenter.swift in Sources */,
				3D2E44DE20A8FDF70090B046 /* ListTravelPackagesInteractor.swift in Sources */,
				3D2E44E120A8FDF70090B046 /* ListTravelPackagesRouter.swift in Sources */,
				3DF9465C20ABB46000D44D1C /* ListTransactionsWorker.swift in Sources */,
				3DDF39BC20A9518F002A3607 /* DateFormatter+Codable.swift in Sources */,
				3DDF39B820A94CEA002A3607 /* Card.swift in Sources */,
				3D2E44ED20A940010090B046 /* HTTPRequestsWorker.swift in Sources */,
				3DF9464D20ABAF7000D44D1C /* AddCardWorker.swift in Sources */,
				3DF9465F20ABB46000D44D1C /* ListTransactionsViewController.swift in Sources */,
				3D2E44E020A8FDF70090B046 /* ListTravelPackagesModels.swift in Sources */,
				3DDF39C420A97B58002A3607 /* Double+Helpers.swift in Sources */,
				3DDF39BA20A94DFA002A3607 /* PhoneInfo.swift in Sources */,
				3DDF39B620A94B91002A3607 /* TravelPackage.swift in Sources */,
				3D2E44DF20A8FDF70090B046 /* ListTravelPackagesPresenter.swift in Sources */,
				3DDF39D020AA7244002A3607 /* BuyTravelPackageModels.swift in Sources */,
			);
			runOnlyForDeploymentPostprocessing = 0;
		};
/* End PBXSourcesBuildPhase section */

/* Begin PBXVariantGroup section */
		3D9C10BA20A7F38700A3B7A7 /* LaunchScreen.storyboard */ = {
			isa = PBXVariantGroup;
			children = (
				3D9C10BB20A7F38700A3B7A7 /* Base */,
			);
			name = LaunchScreen.storyboard;
			sourceTree = "<group>";
		};
/* End PBXVariantGroup section */

/* Begin XCBuildConfiguration section */
		3D9C10BE20A7F38700A3B7A7 /* Debug */ = {
			isa = XCBuildConfiguration;
			buildSettings = {
				ALWAYS_SEARCH_USER_PATHS = NO;
				CLANG_ANALYZER_NONNULL = YES;
				CLANG_ANALYZER_NUMBER_OBJECT_CONVERSION = YES_AGGRESSIVE;
				CLANG_CXX_LANGUAGE_STANDARD = "gnu++14";
				CLANG_CXX_LIBRARY = "libc++";
				CLANG_ENABLE_MODULES = YES;
				CLANG_ENABLE_OBJC_ARC = YES;
				CLANG_ENABLE_OBJC_WEAK = YES;
				CLANG_WARN_BLOCK_CAPTURE_AUTORELEASING = YES;
				CLANG_WARN_BOOL_CONVERSION = YES;
				CLANG_WARN_COMMA = YES;
				CLANG_WARN_CONSTANT_CONVERSION = YES;
				CLANG_WARN_DEPRECATED_OBJC_IMPLEMENTATIONS = YES;
				CLANG_WARN_DIRECT_OBJC_ISA_USAGE = YES_ERROR;
				CLANG_WARN_DOCUMENTATION_COMMENTS = YES;
				CLANG_WARN_EMPTY_BODY = YES;
				CLANG_WARN_ENUM_CONVERSION = YES;
				CLANG_WARN_INFINITE_RECURSION = YES;
				CLANG_WARN_INT_CONVERSION = YES;
				CLANG_WARN_NON_LITERAL_NULL_CONVERSION = YES;
				CLANG_WARN_OBJC_IMPLICIT_RETAIN_SELF = YES;
				CLANG_WARN_OBJC_LITERAL_CONVERSION = YES;
				CLANG_WARN_OBJC_ROOT_CLASS = YES_ERROR;
				CLANG_WARN_RANGE_LOOP_ANALYSIS = YES;
				CLANG_WARN_STRICT_PROTOTYPES = YES;
				CLANG_WARN_SUSPICIOUS_MOVE = YES;
				CLANG_WARN_UNGUARDED_AVAILABILITY = YES_AGGRESSIVE;
				CLANG_WARN_UNREACHABLE_CODE = YES;
				CLANG_WARN__DUPLICATE_METHOD_MATCH = YES;
				CODE_SIGN_IDENTITY = "iPhone Developer";
				COPY_PHASE_STRIP = NO;
				DEBUG_INFORMATION_FORMAT = dwarf;
				ENABLE_STRICT_OBJC_MSGSEND = YES;
				ENABLE_TESTABILITY = YES;
				GCC_C_LANGUAGE_STANDARD = gnu11;
				GCC_DYNAMIC_NO_PIC = NO;
				GCC_NO_COMMON_BLOCKS = YES;
				GCC_OPTIMIZATION_LEVEL = 0;
				GCC_PREPROCESSOR_DEFINITIONS = (
					"DEBUG=1",
					"$(inherited)",
				);
				GCC_WARN_64_TO_32_BIT_CONVERSION = YES;
				GCC_WARN_ABOUT_RETURN_TYPE = YES_ERROR;
				GCC_WARN_UNDECLARED_SELECTOR = YES;
				GCC_WARN_UNINITIALIZED_AUTOS = YES_AGGRESSIVE;
				GCC_WARN_UNUSED_FUNCTION = YES;
				GCC_WARN_UNUSED_VARIABLE = YES;
				IPHONEOS_DEPLOYMENT_TARGET = 11.3;
				MTL_ENABLE_DEBUG_INFO = YES;
				ONLY_ACTIVE_ARCH = YES;
				SDKROOT = iphoneos;
				SWIFT_ACTIVE_COMPILATION_CONDITIONS = DEBUG;
				SWIFT_OPTIMIZATION_LEVEL = "-Onone";
			};
			name = Debug;
		};
		3D9C10BF20A7F38700A3B7A7 /* Release */ = {
			isa = XCBuildConfiguration;
			buildSettings = {
				ALWAYS_SEARCH_USER_PATHS = NO;
				CLANG_ANALYZER_NONNULL = YES;
				CLANG_ANALYZER_NUMBER_OBJECT_CONVERSION = YES_AGGRESSIVE;
				CLANG_CXX_LANGUAGE_STANDARD = "gnu++14";
				CLANG_CXX_LIBRARY = "libc++";
				CLANG_ENABLE_MODULES = YES;
				CLANG_ENABLE_OBJC_ARC = YES;
				CLANG_ENABLE_OBJC_WEAK = YES;
				CLANG_WARN_BLOCK_CAPTURE_AUTORELEASING = YES;
				CLANG_WARN_BOOL_CONVERSION = YES;
				CLANG_WARN_COMMA = YES;
				CLANG_WARN_CONSTANT_CONVERSION = YES;
				CLANG_WARN_DEPRECATED_OBJC_IMPLEMENTATIONS = YES;
				CLANG_WARN_DIRECT_OBJC_ISA_USAGE = YES_ERROR;
				CLANG_WARN_DOCUMENTATION_COMMENTS = YES;
				CLANG_WARN_EMPTY_BODY = YES;
				CLANG_WARN_ENUM_CONVERSION = YES;
				CLANG_WARN_INFINITE_RECURSION = YES;
				CLANG_WARN_INT_CONVERSION = YES;
				CLANG_WARN_NON_LITERAL_NULL_CONVERSION = YES;
				CLANG_WARN_OBJC_IMPLICIT_RETAIN_SELF = YES;
				CLANG_WARN_OBJC_LITERAL_CONVERSION = YES;
				CLANG_WARN_OBJC_ROOT_CLASS = YES_ERROR;
				CLANG_WARN_RANGE_LOOP_ANALYSIS = YES;
				CLANG_WARN_STRICT_PROTOTYPES = YES;
				CLANG_WARN_SUSPICIOUS_MOVE = YES;
				CLANG_WARN_UNGUARDED_AVAILABILITY = YES_AGGRESSIVE;
				CLANG_WARN_UNREACHABLE_CODE = YES;
				CLANG_WARN__DUPLICATE_METHOD_MATCH = YES;
				CODE_SIGN_IDENTITY = "iPhone Developer";
				COPY_PHASE_STRIP = NO;
				DEBUG_INFORMATION_FORMAT = "dwarf-with-dsym";
				ENABLE_NS_ASSERTIONS = NO;
				ENABLE_STRICT_OBJC_MSGSEND = YES;
				GCC_C_LANGUAGE_STANDARD = gnu11;
				GCC_NO_COMMON_BLOCKS = YES;
				GCC_WARN_64_TO_32_BIT_CONVERSION = YES;
				GCC_WARN_ABOUT_RETURN_TYPE = YES_ERROR;
				GCC_WARN_UNDECLARED_SELECTOR = YES;
				GCC_WARN_UNINITIALIZED_AUTOS = YES_AGGRESSIVE;
				GCC_WARN_UNUSED_FUNCTION = YES;
				GCC_WARN_UNUSED_VARIABLE = YES;
				IPHONEOS_DEPLOYMENT_TARGET = 11.3;
				MTL_ENABLE_DEBUG_INFO = NO;
				SDKROOT = iphoneos;
				SWIFT_COMPILATION_MODE = wholemodule;
				SWIFT_OPTIMIZATION_LEVEL = "-O";
				VALIDATE_PRODUCT = YES;
			};
			name = Release;
		};
		3D9C10C120A7F38700A3B7A7 /* Debug */ = {
			isa = XCBuildConfiguration;
			baseConfigurationReference = 85A63C8E31906E4CA65FCD86 /* Pods-Viajabessa.debug.xcconfig */;
			buildSettings = {
				ASSETCATALOG_COMPILER_APPICON_NAME = AppIcon;
				CODE_SIGN_STYLE = Automatic;
				DEVELOPMENT_TEAM = 6PMD3Q4LVK;
				INFOPLIST_FILE = "$(SRCROOT)/Viajabessa/Supporting Files/Info.plist";
				IPHONEOS_DEPLOYMENT_TARGET = 8.0;
				LD_RUNPATH_SEARCH_PATHS = (
					"$(inherited)",
					"@executable_path/Frameworks",
				);
				PRODUCT_BUNDLE_IDENTIFIER = lucasferraco.Viajabessa;
				PRODUCT_NAME = "$(TARGET_NAME)";
				SWIFT_VERSION = 4.0;
				TARGETED_DEVICE_FAMILY = "1,2";
			};
			name = Debug;
		};
		3D9C10C220A7F38700A3B7A7 /* Release */ = {
			isa = XCBuildConfiguration;
			baseConfigurationReference = 124251379459AF00E642E252 /* Pods-Viajabessa.release.xcconfig */;
			buildSettings = {
				ASSETCATALOG_COMPILER_APPICON_NAME = AppIcon;
				CODE_SIGN_STYLE = Automatic;
				DEVELOPMENT_TEAM = 6PMD3Q4LVK;
				INFOPLIST_FILE = "$(SRCROOT)/Viajabessa/Supporting Files/Info.plist";
				IPHONEOS_DEPLOYMENT_TARGET = 8.0;
				LD_RUNPATH_SEARCH_PATHS = (
					"$(inherited)",
					"@executable_path/Frameworks",
				);
				PRODUCT_BUNDLE_IDENTIFIER = lucasferraco.Viajabessa;
				PRODUCT_NAME = "$(TARGET_NAME)";
				SWIFT_VERSION = 4.0;
				TARGETED_DEVICE_FAMILY = "1,2";
			};
			name = Release;
		};
/* End XCBuildConfiguration section */

/* Begin XCConfigurationList section */
		3D9C10A620A7F38400A3B7A7 /* Build configuration list for PBXProject "Viajabessa" */ = {
			isa = XCConfigurationList;
			buildConfigurations = (
				3D9C10BE20A7F38700A3B7A7 /* Debug */,
				3D9C10BF20A7F38700A3B7A7 /* Release */,
			);
			defaultConfigurationIsVisible = 0;
			defaultConfigurationName = Release;
		};
		3D9C10C020A7F38700A3B7A7 /* Build configuration list for PBXNativeTarget "Viajabessa" */ = {
			isa = XCConfigurationList;
			buildConfigurations = (
				3D9C10C120A7F38700A3B7A7 /* Debug */,
				3D9C10C220A7F38700A3B7A7 /* Release */,
			);
			defaultConfigurationIsVisible = 0;
			defaultConfigurationName = Release;
		};
/* End XCConfigurationList section */
	};
	rootObject = 3D9C10A320A7F38400A3B7A7 /* Project object */;
}
